
Microsoft Visual Studio Solution File, Format Version 12.00
# Visual Studio 2013
VisualStudioVersion = 12.0.21005.1
MinimumVisualStudioVersion = 10.0.40219.1
Project("{FAE04EC0-301F-11D3-BF4B-00C04F79EFBC}") = "banmypham", "banmypham\banmypham.csproj", "{BB63BF30-C2CA-4977-91DD-3A8DE2F87599}"
EndProject
Global
	GlobalSection(SolutionConfigurationPlatforms) = preSolution
		Debug|Any CPU = Debug|Any CPU
		Release|Any CPU = Release|Any CPU
	EndGlobalSection
	GlobalSection(ProjectConfigurationPlatforms) = postSolution
		{BB63BF30-C2CA-4977-91DD-3A8DE2F87599}.Debug|Any CPU.ActiveCfg = Debug|Any CPU
		{BB63BF30-C2CA-4977-91DD-3A8DE2F87599}.Debug|Any CPU.Build.0 = Debug|Any CPU
		{BB63BF30-C2CA-4977-91DD-3A8DE2F87599}.Release|Any CPU.ActiveCfg = Release|Any CPU
		{BB63BF30-C2CA-4977-91DD-3A8DE2F87599}.Release|Any CPU.Build.0 = Release|Any CPU
	EndGlobalSection
	GlobalSection(SolutionProperties) = preSolution
		HideSolutionNode = FALSE
	EndGlobalSection
EndGlobal
